// !$*UTF8*$!
{
	archiveVersion = 1;
	classes = {
	};
	objectVersion = 48;
	objects = {

/* Begin PBXBuildFile section */
		454D54A97706A02C0CD8BBA2 /* Pods_Custom_App.framework in Frameworks */ = {isa = PBXBuildFile; fileRef = 070F6E8437CA6526C59CED35 /* Pods_Custom_App.framework */; };
		6D4C9407C2E0C4863CAC4952 /* Pods_Custom_AppUITests.framework in Frameworks */ = {isa = PBXBuildFile; fileRef = D14DDD4FABD4FDDBB55B27BC /* Pods_Custom_AppUITests.framework */; };
		9A53283530C1DC02A4F02A81 /* Pods_Custom_AppTests.framework in Frameworks */ = {isa = PBXBuildFile; fileRef = FD38B980F76BFBAD09A76F72 /* Pods_Custom_AppTests.framework */; };
		AB33240F1FD09B630068C5C1 /* GoogleService-Info.plist in Resources */ = {isa = PBXBuildFile; fileRef = ABEDCC881FCFF53A009A0CF7 /* GoogleService-Info.plist */; };
		ABEDCC581FCFE6A6009A0CF7 /* AppDelegate.swift in Sources */ = {isa = PBXBuildFile; fileRef = ABEDCC571FCFE6A6009A0CF7 /* AppDelegate.swift */; };
		ABEDCC5A1FCFE6A6009A0CF7 /* ViewController.swift in Sources */ = {isa = PBXBuildFile; fileRef = ABEDCC591FCFE6A6009A0CF7 /* ViewController.swift */; };
		ABEDCC5D1FCFE6A6009A0CF7 /* Main.storyboard in Resources */ = {isa = PBXBuildFile; fileRef = ABEDCC5B1FCFE6A6009A0CF7 /* Main.storyboard */; };
		ABEDCC5F1FCFE6A6009A0CF7 /* Assets.xcassets in Resources */ = {isa = PBXBuildFile; fileRef = ABEDCC5E1FCFE6A6009A0CF7 /* Assets.xcassets */; };
		ABEDCC621FCFE6A6009A0CF7 /* LaunchScreen.storyboard in Resources */ = {isa = PBXBuildFile; fileRef = ABEDCC601FCFE6A6009A0CF7 /* LaunchScreen.storyboard */; };
		ABEDCC6D1FCFE6A6009A0CF7 /* Custom_AppTests.swift in Sources */ = {isa = PBXBuildFile; fileRef = ABEDCC6C1FCFE6A6009A0CF7 /* Custom_AppTests.swift */; };
		ABEDCC781FCFE6A6009A0CF7 /* Custom_AppUITests.swift in Sources */ = {isa = PBXBuildFile; fileRef = ABEDCC771FCFE6A6009A0CF7 /* Custom_AppUITests.swift */; };
		ABEDCC8B1FCFFCBB009A0CF7 /* LoginViewController.swift in Sources */ = {isa = PBXBuildFile; fileRef = ABEDCC8A1FCFFCBB009A0CF7 /* LoginViewController.swift */; };
/* End PBXBuildFile section */

/* Begin PBXContainerItemProxy section */
		ABEDCC691FCFE6A6009A0CF7 /* PBXContainerItemProxy */ = {
			isa = PBXContainerItemProxy;
			containerPortal = ABEDCC4C1FCFE6A5009A0CF7 /* Project object */;
			proxyType = 1;
			remoteGlobalIDString = ABEDCC531FCFE6A5009A0CF7;
			remoteInfo = "Custom-App";
		};
		ABEDCC741FCFE6A6009A0CF7 /* PBXContainerItemProxy */ = {
			isa = PBXContainerItemProxy;
			containerPortal = ABEDCC4C1FCFE6A5009A0CF7 /* Project object */;
			proxyType = 1;
			remoteGlobalIDString = ABEDCC531FCFE6A5009A0CF7;
			remoteInfo = "Custom-App";
		};
/* End PBXContainerItemProxy section */

/* Begin PBXFileReference section */
		070F6E8437CA6526C59CED35 /* Pods_Custom_App.framework */ = {isa = PBXFileReference; explicitFileType = wrapper.framework; includeInIndex = 0; path = Pods_Custom_App.framework; sourceTree = BUILT_PRODUCTS_DIR; };
		1CD4673C8AD720AF02EC7511 /* Pods-Custom-App.release.xcconfig */ = {isa = PBXFileReference; includeInIndex = 1; lastKnownFileType = text.xcconfig; name = "Pods-Custom-App.release.xcconfig"; path = "Pods/Target Support Files/Pods-Custom-App/Pods-Custom-App.release.xcconfig"; sourceTree = "<group>"; };
		2BFCA52F4ABFB4ABAEA832EF /* Pods-Custom-AppTests.debug.xcconfig */ = {isa = PBXFileReference; includeInIndex = 1; lastKnownFileType = text.xcconfig; name = "Pods-Custom-AppTests.debug.xcconfig"; path = "Pods/Target Support Files/Pods-Custom-AppTests/Pods-Custom-AppTests.debug.xcconfig"; sourceTree = "<group>"; };
		3CB54F93C37BDF79CB29B327 /* Pods-Custom-App.debug.xcconfig */ = {isa = PBXFileReference; includeInIndex = 1; lastKnownFileType = text.xcconfig; name = "Pods-Custom-App.debug.xcconfig"; path = "Pods/Target Support Files/Pods-Custom-App/Pods-Custom-App.debug.xcconfig"; sourceTree = "<group>"; };
		564EDC0CAD45143CC6772424 /* Pods-Custom-AppUITests.debug.xcconfig */ = {isa = PBXFileReference; includeInIndex = 1; lastKnownFileType = text.xcconfig; name = "Pods-Custom-AppUITests.debug.xcconfig"; path = "Pods/Target Support Files/Pods-Custom-AppUITests/Pods-Custom-AppUITests.debug.xcconfig"; sourceTree = "<group>"; };
		66643122B91CD60CCF113307 /* Pods-Custom-AppTests.release.xcconfig */ = {isa = PBXFileReference; includeInIndex = 1; lastKnownFileType = text.xcconfig; name = "Pods-Custom-AppTests.release.xcconfig"; path = "Pods/Target Support Files/Pods-Custom-AppTests/Pods-Custom-AppTests.release.xcconfig"; sourceTree = "<group>"; };
		A6E289AB57227B7C170F0629 /* Pods-Custom-AppUITests.release.xcconfig */ = {isa = PBXFileReference; includeInIndex = 1; lastKnownFileType = text.xcconfig; name = "Pods-Custom-AppUITests.release.xcconfig"; path = "Pods/Target Support Files/Pods-Custom-AppUITests/Pods-Custom-AppUITests.release.xcconfig"; sourceTree = "<group>"; };
		ABEDCC541FCFE6A6009A0CF7 /* Custom-App.app */ = {isa = PBXFileReference; explicitFileType = wrapper.application; includeInIndex = 0; path = "Custom-App.app"; sourceTree = BUILT_PRODUCTS_DIR; };
		ABEDCC571FCFE6A6009A0CF7 /* AppDelegate.swift */ = {isa = PBXFileReference; lastKnownFileType = sourcecode.swift; path = AppDelegate.swift; sourceTree = "<group>"; };
		ABEDCC591FCFE6A6009A0CF7 /* ViewController.swift */ = {isa = PBXFileReference; lastKnownFileType = sourcecode.swift; path = ViewController.swift; sourceTree = "<group>"; };
		ABEDCC5C1FCFE6A6009A0CF7 /* Base */ = {isa = PBXFileReference; lastKnownFileType = file.storyboard; name = Base; path = Base.lproj/Main.storyboard; sourceTree = "<group>"; };
		ABEDCC5E1FCFE6A6009A0CF7 /* Assets.xcassets */ = {isa = PBXFileReference; lastKnownFileType = folder.assetcatalog; path = Assets.xcassets; sourceTree = "<group>"; };
		ABEDCC611FCFE6A6009A0CF7 /* Base */ = {isa = PBXFileReference; lastKnownFileType = file.storyboard; name = Base; path = Base.lproj/LaunchScreen.storyboard; sourceTree = "<group>"; };
		ABEDCC631FCFE6A6009A0CF7 /* Info.plist */ = {isa = PBXFileReference; lastKnownFileType = text.plist.xml; path = Info.plist; sourceTree = "<group>"; };
		ABEDCC681FCFE6A6009A0CF7 /* Custom-AppTests.xctest */ = {isa = PBXFileReference; explicitFileType = wrapper.cfbundle; includeInIndex = 0; path = "Custom-AppTests.xctest"; sourceTree = BUILT_PRODUCTS_DIR; };
		ABEDCC6C1FCFE6A6009A0CF7 /* Custom_AppTests.swift */ = {isa = PBXFileReference; lastKnownFileType = sourcecode.swift; path = Custom_AppTests.swift; sourceTree = "<group>"; };
		ABEDCC6E1FCFE6A6009A0CF7 /* Info.plist */ = {isa = PBXFileReference; lastKnownFileType = text.plist.xml; path = Info.plist; sourceTree = "<group>"; };
		ABEDCC731FCFE6A6009A0CF7 /* Custom-AppUITests.xctest */ = {isa = PBXFileReference; explicitFileType = wrapper.cfbundle; includeInIndex = 0; path = "Custom-AppUITests.xctest"; sourceTree = BUILT_PRODUCTS_DIR; };
		ABEDCC771FCFE6A6009A0CF7 /* Custom_AppUITests.swift */ = {isa = PBXFileReference; lastKnownFileType = sourcecode.swift; path = Custom_AppUITests.swift; sourceTree = "<group>"; };
		ABEDCC791FCFE6A6009A0CF7 /* Info.plist */ = {isa = PBXFileReference; lastKnownFileType = text.plist.xml; path = Info.plist; sourceTree = "<group>"; };
		ABEDCC881FCFF53A009A0CF7 /* GoogleService-Info.plist */ = {isa = PBXFileReference; fileEncoding = 4; lastKnownFileType = text.plist.xml; path = "GoogleService-Info.plist"; sourceTree = "<group>"; };
		ABEDCC8A1FCFFCBB009A0CF7 /* LoginViewController.swift */ = {isa = PBXFileReference; lastKnownFileType = sourcecode.swift; path = LoginViewController.swift; sourceTree = "<group>"; };
		D14DDD4FABD4FDDBB55B27BC /* Pods_Custom_AppUITests.framework */ = {isa = PBXFileReference; explicitFileType = wrapper.framework; includeInIndex = 0; path = Pods_Custom_AppUITests.framework; sourceTree = BUILT_PRODUCTS_DIR; };
		FD38B980F76BFBAD09A76F72 /* Pods_Custom_AppTests.framework */ = {isa = PBXFileReference; explicitFileType = wrapper.framework; includeInIndex = 0; path = Pods_Custom_AppTests.framework; sourceTree = BUILT_PRODUCTS_DIR; };
/* End PBXFileReference section */

/* Begin PBXFrameworksBuildPhase section */
		ABEDCC511FCFE6A5009A0CF7 /* Frameworks */ = {
			isa = PBXFrameworksBuildPhase;
			buildActionMask = 2147483647;
			files = (
				454D54A97706A02C0CD8BBA2 /* Pods_Custom_App.framework in Frameworks */,
			);
			runOnlyForDeploymentPostprocessing = 0;
		};
		ABEDCC651FCFE6A6009A0CF7 /* Frameworks */ = {
			isa = PBXFrameworksBuildPhase;
			buildActionMask = 2147483647;
			files = (
				9A53283530C1DC02A4F02A81 /* Pods_Custom_AppTests.framework in Frameworks */,
			);
			runOnlyForDeploymentPostprocessing = 0;
		};
		ABEDCC701FCFE6A6009A0CF7 /* Frameworks */ = {
			isa = PBXFrameworksBuildPhase;
			buildActionMask = 2147483647;
			files = (
				6D4C9407C2E0C4863CAC4952 /* Pods_Custom_AppUITests.framework in Frameworks */,
			);
			runOnlyForDeploymentPostprocessing = 0;
		};
/* End PBXFrameworksBuildPhase section */

/* Begin PBXGroup section */
		84AFBC282602A3B5725246C9 /* Frameworks */ = {
			isa = PBXGroup;
			children = (
				070F6E8437CA6526C59CED35 /* Pods_Custom_App.framework */,
				FD38B980F76BFBAD09A76F72 /* Pods_Custom_AppTests.framework */,
				D14DDD4FABD4FDDBB55B27BC /* Pods_Custom_AppUITests.framework */,
			);
			name = Frameworks;
			sourceTree = "<group>";
		};
		ABEDCC4B1FCFE6A5009A0CF7 = {
			isa = PBXGroup;
			children = (
				ABEDCC561FCFE6A6009A0CF7 /* Custom-App */,
				ABEDCC6B1FCFE6A6009A0CF7 /* Custom-AppTests */,
				ABEDCC761FCFE6A6009A0CF7 /* Custom-AppUITests */,
				ABEDCC551FCFE6A6009A0CF7 /* Products */,
				D80FE8160E614E9115AA611C /* Pods */,
				84AFBC282602A3B5725246C9 /* Frameworks */,
			);
			sourceTree = "<group>";
		};
		ABEDCC551FCFE6A6009A0CF7 /* Products */ = {
			isa = PBXGroup;
			children = (
				ABEDCC541FCFE6A6009A0CF7 /* Custom-App.app */,
				ABEDCC681FCFE6A6009A0CF7 /* Custom-AppTests.xctest */,
				ABEDCC731FCFE6A6009A0CF7 /* Custom-AppUITests.xctest */,
			);
			name = Products;
			sourceTree = "<group>";
		};
		ABEDCC561FCFE6A6009A0CF7 /* Custom-App */ = {
			isa = PBXGroup;
			children = (
				ABEDCC881FCFF53A009A0CF7 /* GoogleService-Info.plist */,
				ABEDCC571FCFE6A6009A0CF7 /* AppDelegate.swift */,
				ABEDCC591FCFE6A6009A0CF7 /* ViewController.swift */,
				ABEDCC5B1FCFE6A6009A0CF7 /* Main.storyboard */,
				ABEDCC5E1FCFE6A6009A0CF7 /* Assets.xcassets */,
				ABEDCC871FCFF0F5009A0CF7 /* Authentication */,
				ABEDCC601FCFE6A6009A0CF7 /* LaunchScreen.storyboard */,
				ABEDCC631FCFE6A6009A0CF7 /* Info.plist */,
			);
			path = "Custom-App";
			sourceTree = "<group>";
		};
		ABEDCC6B1FCFE6A6009A0CF7 /* Custom-AppTests */ = {
			isa = PBXGroup;
			children = (
				ABEDCC6C1FCFE6A6009A0CF7 /* Custom_AppTests.swift */,
				ABEDCC6E1FCFE6A6009A0CF7 /* Info.plist */,
			);
			path = "Custom-AppTests";
			sourceTree = "<group>";
		};
		ABEDCC761FCFE6A6009A0CF7 /* Custom-AppUITests */ = {
			isa = PBXGroup;
			children = (
				ABEDCC771FCFE6A6009A0CF7 /* Custom_AppUITests.swift */,
				ABEDCC791FCFE6A6009A0CF7 /* Info.plist */,
			);
			path = "Custom-AppUITests";
			sourceTree = "<group>";
		};
		ABEDCC871FCFF0F5009A0CF7 /* Authentication */ = {
			isa = PBXGroup;
			children = (
				ABEDCC8A1FCFFCBB009A0CF7 /* LoginViewController.swift */,
			);
			path = Authentication;
			sourceTree = "<group>";
		};
		D80FE8160E614E9115AA611C /* Pods */ = {
			isa = PBXGroup;
			children = (
				3CB54F93C37BDF79CB29B327 /* Pods-Custom-App.debug.xcconfig */,
				1CD4673C8AD720AF02EC7511 /* Pods-Custom-App.release.xcconfig */,
				2BFCA52F4ABFB4ABAEA832EF /* Pods-Custom-AppTests.debug.xcconfig */,
				66643122B91CD60CCF113307 /* Pods-Custom-AppTests.release.xcconfig */,
				564EDC0CAD45143CC6772424 /* Pods-Custom-AppUITests.debug.xcconfig */,
				A6E289AB57227B7C170F0629 /* Pods-Custom-AppUITests.release.xcconfig */,
			);
			name = Pods;
			sourceTree = "<group>";
		};
/* End PBXGroup section */

/* Begin PBXNativeTarget section */
		ABEDCC531FCFE6A5009A0CF7 /* Custom-App */ = {
			isa = PBXNativeTarget;
			buildConfigurationList = ABEDCC7C1FCFE6A6009A0CF7 /* Build configuration list for PBXNativeTarget "Custom-App" */;
			buildPhases = (
				1BACBC49E2EA2CCBEC0122AC /* [CP] Check Pods Manifest.lock */,
				ABEDCC501FCFE6A5009A0CF7 /* Sources */,
				ABEDCC511FCFE6A5009A0CF7 /* Frameworks */,
				ABEDCC521FCFE6A5009A0CF7 /* Resources */,
				DC6869BD7FCB9AC745A025A7 /* [CP] Embed Pods Frameworks */,
				A39293B093F8D36585116F2C /* [CP] Copy Pods Resources */,
			);
			buildRules = (
			);
			dependencies = (
			);
			name = "Custom-App";
			productName = "Custom-App";
			productReference = ABEDCC541FCFE6A6009A0CF7 /* Custom-App.app */;
			productType = "com.apple.product-type.application";
		};
		ABEDCC671FCFE6A6009A0CF7 /* Custom-AppTests */ = {
			isa = PBXNativeTarget;
			buildConfigurationList = ABEDCC7F1FCFE6A6009A0CF7 /* Build configuration list for PBXNativeTarget "Custom-AppTests" */;
			buildPhases = (
				E5664B1EC754D8A4F769AA1B /* [CP] Check Pods Manifest.lock */,
				ABEDCC641FCFE6A6009A0CF7 /* Sources */,
				ABEDCC651FCFE6A6009A0CF7 /* Frameworks */,
				ABEDCC661FCFE6A6009A0CF7 /* Resources */,
				E868D61AE839D7E804BF05ED /* [CP] Embed Pods Frameworks */,
				7F9442F686A9BBEB065EC598 /* [CP] Copy Pods Resources */,
			);
			buildRules = (
			);
			dependencies = (
				ABEDCC6A1FCFE6A6009A0CF7 /* PBXTargetDependency */,
			);
			name = "Custom-AppTests";
			productName = "Custom-AppTests";
			productReference = ABEDCC681FCFE6A6009A0CF7 /* Custom-AppTests.xctest */;
			productType = "com.apple.product-type.bundle.unit-test";
		};
		ABEDCC721FCFE6A6009A0CF7 /* Custom-AppUITests */ = {
			isa = PBXNativeTarget;
			buildConfigurationList = ABEDCC821FCFE6A6009A0CF7 /* Build configuration list for PBXNativeTarget "Custom-AppUITests" */;
			buildPhases = (
				DDDE83E486E8348B7620E0EA /* [CP] Check Pods Manifest.lock */,
				ABEDCC6F1FCFE6A6009A0CF7 /* Sources */,
				ABEDCC701FCFE6A6009A0CF7 /* Frameworks */,
				ABEDCC711FCFE6A6009A0CF7 /* Resources */,
				DED46BFF106BF4881BB4C706 /* [CP] Embed Pods Frameworks */,
				5735F439205C900522CEB84B /* [CP] Copy Pods Resources */,
			);
			buildRules = (
			);
			dependencies = (
				ABEDCC751FCFE6A6009A0CF7 /* PBXTargetDependency */,
			);
			name = "Custom-AppUITests";
			productName = "Custom-AppUITests";
			productReference = ABEDCC731FCFE6A6009A0CF7 /* Custom-AppUITests.xctest */;
			productType = "com.apple.product-type.bundle.ui-testing";
		};
/* End PBXNativeTarget section */

/* Begin PBXProject section */
		ABEDCC4C1FCFE6A5009A0CF7 /* Project object */ = {
			isa = PBXProject;
			attributes = {
				LastSwiftUpdateCheck = 0910;
				LastUpgradeCheck = 0910;
				ORGANIZATIONNAME = "Tony Cheng";
				TargetAttributes = {
					ABEDCC531FCFE6A5009A0CF7 = {
						CreatedOnToolsVersion = 9.1;
						ProvisioningStyle = Automatic;
					};
					ABEDCC671FCFE6A6009A0CF7 = {
						CreatedOnToolsVersion = 9.1;
						ProvisioningStyle = Automatic;
						TestTargetID = ABEDCC531FCFE6A5009A0CF7;
					};
					ABEDCC721FCFE6A6009A0CF7 = {
						CreatedOnToolsVersion = 9.1;
						ProvisioningStyle = Automatic;
						TestTargetID = ABEDCC531FCFE6A5009A0CF7;
					};
				};
			};
			buildConfigurationList = ABEDCC4F1FCFE6A5009A0CF7 /* Build configuration list for PBXProject "Custom-App" */;
			compatibilityVersion = "Xcode 8.0";
			developmentRegion = en;
			hasScannedForEncodings = 0;
			knownRegions = (
				en,
				Base,
			);
			mainGroup = ABEDCC4B1FCFE6A5009A0CF7;
			productRefGroup = ABEDCC551FCFE6A6009A0CF7 /* Products */;
			projectDirPath = "";
			projectRoot = "";
			targets = (
				ABEDCC531FCFE6A5009A0CF7 /* Custom-App */,
				ABEDCC671FCFE6A6009A0CF7 /* Custom-AppTests */,
				ABEDCC721FCFE6A6009A0CF7 /* Custom-AppUITests */,
			);
		};
/* End PBXProject section */

/* Begin PBXResourcesBuildPhase section */
		ABEDCC521FCFE6A5009A0CF7 /* Resources */ = {
			isa = PBXResourcesBuildPhase;
			buildActionMask = 2147483647;
			files = (
				ABEDCC621FCFE6A6009A0CF7 /* LaunchScreen.storyboard in Resources */,
				AB33240F1FD09B630068C5C1 /* GoogleService-Info.plist in Resources */,
				ABEDCC5F1FCFE6A6009A0CF7 /* Assets.xcassets in Resources */,
				ABEDCC5D1FCFE6A6009A0CF7 /* Main.storyboard in Resources */,
			);
			runOnlyForDeploymentPostprocessing = 0;
		};
		ABEDCC661FCFE6A6009A0CF7 /* Resources */ = {
			isa = PBXResourcesBuildPhase;
			buildActionMask = 2147483647;
			files = (
			);
			runOnlyForDeploymentPostprocessing = 0;
		};
		ABEDCC711FCFE6A6009A0CF7 /* Resources */ = {
			isa = PBXResourcesBuildPhase;
			buildActionMask = 2147483647;
			files = (
			);
			runOnlyForDeploymentPostprocessing = 0;
		};
/* End PBXResourcesBuildPhase section */

/* Begin PBXShellScriptBuildPhase section */
		1BACBC49E2EA2CCBEC0122AC /* [CP] Check Pods Manifest.lock */ = {
			isa = PBXShellScriptBuildPhase;
			buildActionMask = 2147483647;
			files = (
			);
			inputPaths = (
				"${PODS_PODFILE_DIR_PATH}/Podfile.lock",
				"${PODS_ROOT}/Manifest.lock",
			);
			name = "[CP] Check Pods Manifest.lock";
			outputPaths = (
				"$(DERIVED_FILE_DIR)/Pods-Custom-App-checkManifestLockResult.txt",
			);
			runOnlyForDeploymentPostprocessing = 0;
			shellPath = /bin/sh;
			shellScript = "diff \"${PODS_PODFILE_DIR_PATH}/Podfile.lock\" \"${PODS_ROOT}/Manifest.lock\" > /dev/null\nif [ $? != 0 ] ; then\n    # print error to STDERR\n    echo \"error: The sandbox is not in sync with the Podfile.lock. Run 'pod install' or update your CocoaPods installation.\" >&2\n    exit 1\nfi\n# This output is used by Xcode 'outputs' to avoid re-running this script phase.\necho \"SUCCESS\" > \"${SCRIPT_OUTPUT_FILE_0}\"\n";
			showEnvVarsInLog = 0;
		};
		5735F439205C900522CEB84B /* [CP] Copy Pods Resources */ = {
			isa = PBXShellScriptBuildPhase;
			buildActionMask = 2147483647;
			files = (
			);
			inputPaths = (
			);
			name = "[CP] Copy Pods Resources";
			outputPaths = (
			);
			runOnlyForDeploymentPostprocessing = 0;
			shellPath = /bin/sh;
			shellScript = "\"${SRCROOT}/Pods/Target Support Files/Pods-Custom-AppUITests/Pods-Custom-AppUITests-resources.sh\"\n";
			showEnvVarsInLog = 0;
		};
		7F9442F686A9BBEB065EC598 /* [CP] Copy Pods Resources */ = {
			isa = PBXShellScriptBuildPhase;
			buildActionMask = 2147483647;
			files = (
			);
			inputPaths = (
			);
			name = "[CP] Copy Pods Resources";
			outputPaths = (
			);
			runOnlyForDeploymentPostprocessing = 0;
			shellPath = /bin/sh;
			shellScript = "\"${SRCROOT}/Pods/Target Support Files/Pods-Custom-AppTests/Pods-Custom-AppTests-resources.sh\"\n";
			showEnvVarsInLog = 0;
		};
		A39293B093F8D36585116F2C /* [CP] Copy Pods Resources */ = {
			isa = PBXShellScriptBuildPhase;
			buildActionMask = 2147483647;
			files = (
			);
			inputPaths = (
			);
			name = "[CP] Copy Pods Resources";
			outputPaths = (
			);
			runOnlyForDeploymentPostprocessing = 0;
			shellPath = /bin/sh;
			shellScript = "\"${SRCROOT}/Pods/Target Support Files/Pods-Custom-App/Pods-Custom-App-resources.sh\"\n";
			showEnvVarsInLog = 0;
		};
		DC6869BD7FCB9AC745A025A7 /* [CP] Embed Pods Frameworks */ = {
			isa = PBXShellScriptBuildPhase;
			buildActionMask = 2147483647;
			files = (
			);
			inputPaths = (
				"${SRCROOT}/Pods/Target Support Files/Pods-Custom-App/Pods-Custom-App-frameworks.sh",
				"${BUILT_PRODUCTS_DIR}/GTMSessionFetcher/GTMSessionFetcher.framework",
				"${BUILT_PRODUCTS_DIR}/GoogleToolboxForMac/GoogleToolboxForMac.framework",
				"${BUILT_PRODUCTS_DIR}/MBProgressHUD/MBProgressHUD.framework",
				"${BUILT_PRODUCTS_DIR}/SDWebImage/SDWebImage.framework",
				"${BUILT_PRODUCTS_DIR}/leveldb-library/leveldb.framework",
				"${BUILT_PRODUCTS_DIR}/nanopb/nanopb.framework",
			);
			name = "[CP] Embed Pods Frameworks";
			outputPaths = (
				"${TARGET_BUILD_DIR}/${FRAMEWORKS_FOLDER_PATH}/GTMSessionFetcher.framework",
				"${TARGET_BUILD_DIR}/${FRAMEWORKS_FOLDER_PATH}/GoogleToolboxForMac.framework",
				"${TARGET_BUILD_DIR}/${FRAMEWORKS_FOLDER_PATH}/MBProgressHUD.framework",
				"${TARGET_BUILD_DIR}/${FRAMEWORKS_FOLDER_PATH}/SDWebImage.framework",
				"${TARGET_BUILD_DIR}/${FRAMEWORKS_FOLDER_PATH}/leveldb.framework",
				"${TARGET_BUILD_DIR}/${FRAMEWORKS_FOLDER_PATH}/nanopb.framework",
			);
			runOnlyForDeploymentPostprocessing = 0;
			shellPath = /bin/sh;
			shellScript = "\"${SRCROOT}/Pods/Target Support Files/Pods-Custom-App/Pods-Custom-App-frameworks.sh\"\n";
			showEnvVarsInLog = 0;
		};
		DDDE83E486E8348B7620E0EA /* [CP] Check Pods Manifest.lock */ = {
			isa = PBXShellScriptBuildPhase;
			buildActionMask = 2147483647;
			files = (
			);
			inputPaths = (
				"${PODS_PODFILE_DIR_PATH}/Podfile.lock",
				"${PODS_ROOT}/Manifest.lock",
			);
			name = "[CP] Check Pods Manifest.lock";
			outputPaths = (
				"$(DERIVED_FILE_DIR)/Pods-Custom-AppUITests-checkManifestLockResult.txt",
			);
			runOnlyForDeploymentPostprocessing = 0;
			shellPath = /bin/sh;
			shellScript = "diff \"${PODS_PODFILE_DIR_PATH}/Podfile.lock\" \"${PODS_ROOT}/Manifest.lock\" > /dev/null\nif [ $? != 0 ] ; then\n    # print error to STDERR\n    echo \"error: The sandbox is not in sync with the Podfile.lock. Run 'pod install' or update your CocoaPods installation.\" >&2\n    exit 1\nfi\n# This output is used by Xcode 'outputs' to avoid re-running this script phase.\necho \"SUCCESS\" > \"${SCRIPT_OUTPUT_FILE_0}\"\n";
			showEnvVarsInLog = 0;
		};
		DED46BFF106BF4881BB4C706 /* [CP] Embed Pods Frameworks */ = {
			isa = PBXShellScriptBuildPhase;
			buildActionMask = 2147483647;
			files = (
			);
			inputPaths = (
			);
			name = "[CP] Embed Pods Frameworks";
			outputPaths = (
			);
			runOnlyForDeploymentPostprocessing = 0;
			shellPath = /bin/sh;
			shellScript = "\"${SRCROOT}/Pods/Target Support Files/Pods-Custom-AppUITests/Pods-Custom-AppUITests-frameworks.sh\"\n";
			showEnvVarsInLog = 0;
		};
		E5664B1EC754D8A4F769AA1B /* [CP] Check Pods Manifest.lock */ = {
			isa = PBXShellScriptBuildPhase;
			buildActionMask = 2147483647;
			files = (
			);
			inputPaths = (
				"${PODS_PODFILE_DIR_PATH}/Podfile.lock",
				"${PODS_ROOT}/Manifest.lock",
			);
			name = "[CP] Check Pods Manifest.lock";
			outputPaths = (
				"$(DERIVED_FILE_DIR)/Pods-Custom-AppTests-checkManifestLockResult.txt",
			);
			runOnlyForDeploymentPostprocessing = 0;
			shellPath = /bin/sh;
			shellScript = "diff \"${PODS_PODFILE_DIR_PATH}/Podfile.lock\" \"${PODS_ROOT}/Manifest.lock\" > /dev/null\nif [ $? != 0 ] ; then\n    # print error to STDERR\n    echo \"error: The sandbox is not in sync with the Podfile.lock. Run 'pod install' or update your CocoaPods installation.\" >&2\n    exit 1\nfi\n# This output is used by Xcode 'outputs' to avoid re-running this script phase.\necho \"SUCCESS\" > \"${SCRIPT_OUTPUT_FILE_0}\"\n";
			showEnvVarsInLog = 0;
		};
		E868D61AE839D7E804BF05ED /* [CP] Embed Pods Frameworks */ = {
			isa = PBXShellScriptBuildPhase;
			buildActionMask = 2147483647;
			files = (
			);
			inputPaths = (
			);
			name = "[CP] Embed Pods Frameworks";
			outputPaths = (
			);
			runOnlyForDeploymentPostprocessing = 0;
			shellPath = /bin/sh;
			shellScript = "\"${SRCROOT}/Pods/Target Support Files/Pods-Custom-AppTests/Pods-Custom-AppTests-frameworks.sh\"\n";
			showEnvVarsInLog = 0;
		};
/* End PBXShellScriptBuildPhase section */

/* Begin PBXSourcesBuildPhase section */
		ABEDCC501FCFE6A5009A0CF7 /* Sources */ = {
			isa = PBXSourcesBuildPhase;
			buildActionMask = 2147483647;
			files = (
				ABEDCC8B1FCFFCBB009A0CF7 /* LoginViewController.swift in Sources */,
				ABEDCC5A1FCFE6A6009A0CF7 /* ViewController.swift in Sources */,
				ABEDCC581FCFE6A6009A0CF7 /* AppDelegate.swift in Sources */,
			);
			runOnlyForDeploymentPostprocessing = 0;
		};
		ABEDCC641FCFE6A6009A0CF7 /* Sources */ = {
			isa = PBXSourcesBuildPhase;
			buildActionMask = 2147483647;
			files = (
				ABEDCC6D1FCFE6A6009A0CF7 /* Custom_AppTests.swift in Sources */,
			);
			runOnlyForDeploymentPostprocessing = 0;
		};
		ABEDCC6F1FCFE6A6009A0CF7 /* Sources */ = {
			isa = PBXSourcesBuildPhase;
			buildActionMask = 2147483647;
			files = (
				ABEDCC781FCFE6A6009A0CF7 /* Custom_AppUITests.swift in Sources */,
			);
			runOnlyForDeploymentPostprocessing = 0;
		};
/* End PBXSourcesBuildPhase section */

/* Begin PBXTargetDependency section */
		ABEDCC6A1FCFE6A6009A0CF7 /* PBXTargetDependency */ = {
			isa = PBXTargetDependency;
			target = ABEDCC531FCFE6A5009A0CF7 /* Custom-App */;
			targetProxy = ABEDCC691FCFE6A6009A0CF7 /* PBXContainerItemProxy */;
		};
		ABEDCC751FCFE6A6009A0CF7 /* PBXTargetDependency */ = {
			isa = PBXTargetDependency;
			target = ABEDCC531FCFE6A5009A0CF7 /* Custom-App */;
			targetProxy = ABEDCC741FCFE6A6009A0CF7 /* PBXContainerItemProxy */;
		};
/* End PBXTargetDependency section */

/* Begin PBXVariantGroup section */
		ABEDCC5B1FCFE6A6009A0CF7 /* Main.storyboard */ = {
			isa = PBXVariantGroup;
			children = (
				ABEDCC5C1FCFE6A6009A0CF7 /* Base */,
			);
			name = Main.storyboard;
			sourceTree = "<group>";
		};
		ABEDCC601FCFE6A6009A0CF7 /* LaunchScreen.storyboard */ = {
			isa = PBXVariantGroup;
			children = (
				ABEDCC611FCFE6A6009A0CF7 /* Base */,
			);
			name = LaunchScreen.storyboard;
			sourceTree = "<group>";
		};
/* End PBXVariantGroup section */

/* Begin XCBuildConfiguration section */
		ABEDCC7A1FCFE6A6009A0CF7 /* Debug */ = {
			isa = XCBuildConfiguration;
			buildSettings = {
				ALWAYS_SEARCH_USER_PATHS = NO;
				CLANG_ANALYZER_NONNULL = YES;
				CLANG_ANALYZER_NUMBER_OBJECT_CONVERSION = YES_AGGRESSIVE;
				CLANG_CXX_LANGUAGE_STANDARD = "gnu++14";
				CLANG_CXX_LIBRARY = "libc++";
				CLANG_ENABLE_MODULES = YES;
				CLANG_ENABLE_OBJC_ARC = YES;
				CLANG_WARN_BLOCK_CAPTURE_AUTORELEASING = YES;
				CLANG_WARN_BOOL_CONVERSION = YES;
				CLANG_WARN_COMMA = YES;
				CLANG_WARN_CONSTANT_CONVERSION = YES;
				CLANG_WARN_DIRECT_OBJC_ISA_USAGE = YES_ERROR;
				CLANG_WARN_DOCUMENTATION_COMMENTS = YES;
				CLANG_WARN_EMPTY_BODY = YES;
				CLANG_WARN_ENUM_CONVERSION = YES;
				CLANG_WARN_INFINITE_RECURSION = YES;
				CLANG_WARN_INT_CONVERSION = YES;
				CLANG_WARN_NON_LITERAL_NULL_CONVERSION = YES;
				CLANG_WARN_OBJC_LITERAL_CONVERSION = YES;
				CLANG_WARN_OBJC_ROOT_CLASS = YES_ERROR;
				CLANG_WARN_RANGE_LOOP_ANALYSIS = YES;
				CLANG_WARN_STRICT_PROTOTYPES = YES;
				CLANG_WARN_SUSPICIOUS_MOVE = YES;
				CLANG_WARN_UNGUARDED_AVAILABILITY = YES_AGGRESSIVE;
				CLANG_WARN_UNREACHABLE_CODE = YES;
				CLANG_WARN__DUPLICATE_METHOD_MATCH = YES;
				CODE_SIGN_IDENTITY = "iPhone Developer";
				COPY_PHASE_STRIP = NO;
				DEBUG_INFORMATION_FORMAT = dwarf;
				ENABLE_STRICT_OBJC_MSGSEND = YES;
				ENABLE_TESTABILITY = YES;
				GCC_C_LANGUAGE_STANDARD = gnu11;
				GCC_DYNAMIC_NO_PIC = NO;
				GCC_NO_COMMON_BLOCKS = YES;
				GCC_OPTIMIZATION_LEVEL = 0;
				GCC_PREPROCESSOR_DEFINITIONS = (
					"DEBUG=1",
					"$(inherited)",
				);
				GCC_WARN_64_TO_32_BIT_CONVERSION = YES;
				GCC_WARN_ABOUT_RETURN_TYPE = YES_ERROR;
				GCC_WARN_UNDECLARED_SELECTOR = YES;
				GCC_WARN_UNINITIALIZED_AUTOS = YES_AGGRESSIVE;
				GCC_WARN_UNUSED_FUNCTION = YES;
				GCC_WARN_UNUSED_VARIABLE = YES;
				IPHONEOS_DEPLOYMENT_TARGET = 11.1;
				MTL_ENABLE_DEBUG_INFO = YES;
				ONLY_ACTIVE_ARCH = YES;
				SDKROOT = iphoneos;
				SWIFT_ACTIVE_COMPILATION_CONDITIONS = DEBUG;
				SWIFT_OPTIMIZATION_LEVEL = "-Onone";
			};
			name = Debug;
		};
		ABEDCC7B1FCFE6A6009A0CF7 /* Release */ = {
			isa = XCBuildConfiguration;
			buildSettings = {
				ALWAYS_SEARCH_USER_PATHS = NO;
				CLANG_ANALYZER_NONNULL = YES;
				CLANG_ANALYZER_NUMBER_OBJECT_CONVERSION = YES_AGGRESSIVE;
				CLANG_CXX_LANGUAGE_STANDARD = "gnu++14";
				CLANG_CXX_LIBRARY = "libc++";
				CLANG_ENABLE_MODULES = YES;
				CLANG_ENABLE_OBJC_ARC = YES;
				CLANG_WARN_BLOCK_CAPTURE_AUTORELEASING = YES;
				CLANG_WARN_BOOL_CONVERSION = YES;
				CLANG_WARN_COMMA = YES;
				CLANG_WARN_CONSTANT_CONVERSION = YES;
				CLANG_WARN_DIRECT_OBJC_ISA_USAGE = YES_ERROR;
				CLANG_WARN_DOCUMENTATION_COMMENTS = YES;
				CLANG_WARN_EMPTY_BODY = YES;
				CLANG_WARN_ENUM_CONVERSION = YES;
				CLANG_WARN_INFINITE_RECURSION = YES;
				CLANG_WARN_INT_CONVERSION = YES;
				CLANG_WARN_NON_LITERAL_NULL_CONVERSION = YES;
				CLANG_WARN_OBJC_LITERAL_CONVERSION = YES;
				CLANG_WARN_OBJC_ROOT_CLASS = YES_ERROR;
				CLANG_WARN_RANGE_LOOP_ANALYSIS = YES;
				CLANG_WARN_STRICT_PROTOTYPES = YES;
				CLANG_WARN_SUSPICIOUS_MOVE = YES;
				CLANG_WARN_UNGUARDED_AVAILABILITY = YES_AGGRESSIVE;
				CLANG_WARN_UNREACHABLE_CODE = YES;
				CLANG_WARN__DUPLICATE_METHOD_MATCH = YES;
				CODE_SIGN_IDENTITY = "iPhone Developer";
				COPY_PHASE_STRIP = NO;
				DEBUG_INFORMATION_FORMAT = "dwarf-with-dsym";
				ENABLE_NS_ASSERTIONS = NO;
				ENABLE_STRICT_OBJC_MSGSEND = YES;
				GCC_C_LANGUAGE_STANDARD = gnu11;
				GCC_NO_COMMON_BLOCKS = YES;
				GCC_WARN_64_TO_32_BIT_CONVERSION = YES;
				GCC_WARN_ABOUT_RETURN_TYPE = YES_ERROR;
				GCC_WARN_UNDECLARED_SELECTOR = YES;
				GCC_WARN_UNINITIALIZED_AUTOS = YES_AGGRESSIVE;
				GCC_WARN_UNUSED_FUNCTION = YES;
				GCC_WARN_UNUSED_VARIABLE = YES;
				IPHONEOS_DEPLOYMENT_TARGET = 11.1;
				MTL_ENABLE_DEBUG_INFO = NO;
				SDKROOT = iphoneos;
				SWIFT_OPTIMIZATION_LEVEL = "-Owholemodule";
				VALIDATE_PRODUCT = YES;
			};
			name = Release;
		};
		ABEDCC7D1FCFE6A6009A0CF7 /* Debug */ = {
			isa = XCBuildConfiguration;
			baseConfigurationReference = 3CB54F93C37BDF79CB29B327 /* Pods-Custom-App.debug.xcconfig */;
			buildSettings = {
				ASSETCATALOG_COMPILER_APPICON_NAME = AppIcon;
				CODE_SIGN_STYLE = Automatic;
				DEVELOPMENT_TEAM = 6P6GN543QD;
				INFOPLIST_FILE = "Custom-App/Info.plist";
				LD_RUNPATH_SEARCH_PATHS = "$(inherited) @executable_path/Frameworks";
				PRODUCT_BUNDLE_IDENTIFIER = "com.iOSDeCal.Custom-App";
				PRODUCT_NAME = "$(TARGET_NAME)";
				SWIFT_VERSION = 4.0;
				TARGETED_DEVICE_FAMILY = "1,2";
			};
			name = Debug;
		};
		ABEDCC7E1FCFE6A6009A0CF7 /* Release */ = {
			isa = XCBuildConfiguration;
			baseConfigurationReference = 1CD4673C8AD720AF02EC7511 /* Pods-Custom-App.release.xcconfig */;
			buildSettings = {
				ASSETCATALOG_COMPILER_APPICON_NAME = AppIcon;
				CODE_SIGN_STYLE = Automatic;
				DEVELOPMENT_TEAM = 6P6GN543QD;
				INFOPLIST_FILE = "Custom-App/Info.plist";
				LD_RUNPATH_SEARCH_PATHS = "$(inherited) @executable_path/Frameworks";
				PRODUCT_BUNDLE_IDENTIFIER = "com.iOSDeCal.Custom-App";
				PRODUCT_NAME = "$(TARGET_NAME)";
				SWIFT_VERSION = 4.0;
				TARGETED_DEVICE_FAMILY = "1,2";
			};
			name = Release;
		};
		ABEDCC801FCFE6A6009A0CF7 /* Debug */ = {
			isa = XCBuildConfiguration;
			baseConfigurationReference = 2BFCA52F4ABFB4ABAEA832EF /* Pods-Custom-AppTests.debug.xcconfig */;
			buildSettings = {
				ALWAYS_EMBED_SWIFT_STANDARD_LIBRARIES = YES;
				BUNDLE_LOADER = "$(TEST_HOST)";
				CODE_SIGN_STYLE = Automatic;
				DEVELOPMENT_TEAM = 6P6GN543QD;
				INFOPLIST_FILE = "Custom-AppTests/Info.plist";
				LD_RUNPATH_SEARCH_PATHS = "$(inherited) @executable_path/Frameworks @loader_path/Frameworks";
				PRODUCT_BUNDLE_IDENTIFIER = "com.iOSDeCal.Custom-AppTests";
				PRODUCT_NAME = "$(TARGET_NAME)";
				SWIFT_VERSION = 4.0;
				TARGETED_DEVICE_FAMILY = "1,2";
				TEST_HOST = "$(BUILT_PRODUCTS_DIR)/Custom-App.app/Custom-App";
			};
			name = Debug;
		};
		ABEDCC811FCFE6A6009A0CF7 /* Release */ = {
			isa = XCBuildConfiguration;
			baseConfigurationReference = 66643122B91CD60CCF113307 /* Pods-Custom-AppTests.release.xcconfig */;
			buildSettings = {
				ALWAYS_EMBED_SWIFT_STANDARD_LIBRARIES = YES;
				BUNDLE_LOADER = "$(TEST_HOST)";
				CODE_SIGN_STYLE = Automatic;
				DEVELOPMENT_TEAM = 6P6GN543QD;
				INFOPLIST_FILE = "Custom-AppTests/Info.plist";
				LD_RUNPATH_SEARCH_PATHS = "$(inherited) @executable_path/Frameworks @loader_path/Frameworks";
				PRODUCT_BUNDLE_IDENTIFIER = "com.iOSDeCal.Custom-AppTests";
				PRODUCT_NAME = "$(TARGET_NAME)";
				SWIFT_VERSION = 4.0;
				TARGETED_DEVICE_FAMILY = "1,2";
				TEST_HOST = "$(BUILT_PRODUCTS_DIR)/Custom-App.app/Custom-App";
			};
			name = Release;
		};
		ABEDCC831FCFE6A6009A0CF7 /* Debug */ = {
			isa = XCBuildConfiguration;
			baseConfigurationReference = 564EDC0CAD45143CC6772424 /* Pods-Custom-AppUITests.debug.xcconfig */;
			buildSettings = {
				ALWAYS_EMBED_SWIFT_STANDARD_LIBRARIES = YES;
				CODE_SIGN_STYLE = Automatic;
				DEVELOPMENT_TEAM = 6P6GN543QD;
				INFOPLIST_FILE = "Custom-AppUITests/Info.plist";
				LD_RUNPATH_SEARCH_PATHS = "$(inherited) @executable_path/Frameworks @loader_path/Frameworks";
				PRODUCT_BUNDLE_IDENTIFIER = "com.iOSDeCal.Custom-AppUITests";
				PRODUCT_NAME = "$(TARGET_NAME)";
				SWIFT_VERSION = 4.0;
				TARGETED_DEVICE_FAMILY = "1,2";
				TEST_TARGET_NAME = "Custom-App";
			};
			name = Debug;
		};
		ABEDCC841FCFE6A6009A0CF7 /* Release */ = {
			isa = XCBuildConfiguration;
			baseConfigurationReference = A6E289AB57227B7C170F0629 /* Pods-Custom-AppUITests.release.xcconfig */;
			buildSettings = {
				ALWAYS_EMBED_SWIFT_STANDARD_LIBRARIES = YES;
				CODE_SIGN_STYLE = Automatic;
				DEVELOPMENT_TEAM = 6P6GN543QD;
				INFOPLIST_FILE = "Custom-AppUITests/Info.plist";
				LD_RUNPATH_SEARCH_PATHS = "$(inherited) @executable_path/Frameworks @loader_path/Frameworks";
				PRODUCT_BUNDLE_IDENTIFIER = "com.iOSDeCal.Custom-AppUITests";
				PRODUCT_NAME = "$(TARGET_NAME)";
				SWIFT_VERSION = 4.0;
				TARGETED_DEVICE_FAMILY = "1,2";
				TEST_TARGET_NAME = "Custom-App";
			};
			name = Release;
		};
/* End XCBuildConfiguration section */

/* Begin XCConfigurationList section */
		ABEDCC4F1FCFE6A5009A0CF7 /* Build configuration list for PBXProject "Custom-App" */ = {
			isa = XCConfigurationList;
			buildConfigurations = (
				ABEDCC7A1FCFE6A6009A0CF7 /* Debug */,
				ABEDCC7B1FCFE6A6009A0CF7 /* Release */,
			);
			defaultConfigurationIsVisible = 0;
			defaultConfigurationName = Release;
		};
		ABEDCC7C1FCFE6A6009A0CF7 /* Build configuration list for PBXNativeTarget "Custom-App" */ = {
			isa = XCConfigurationList;
			buildConfigurations = (
				ABEDCC7D1FCFE6A6009A0CF7 /* Debug */,
				ABEDCC7E1FCFE6A6009A0CF7 /* Release */,
			);
			defaultConfigurationIsVisible = 0;
			defaultConfigurationName = Release;
		};
		ABEDCC7F1FCFE6A6009A0CF7 /* Build configuration list for PBXNativeTarget "Custom-AppTests" */ = {
			isa = XCConfigurationList;
			buildConfigurations = (
				ABEDCC801FCFE6A6009A0CF7 /* Debug */,
				ABEDCC811FCFE6A6009A0CF7 /* Release */,
			);
			defaultConfigurationIsVisible = 0;
			defaultConfigurationName = Release;
		};
		ABEDCC821FCFE6A6009A0CF7 /* Build configuration list for PBXNativeTarget "Custom-AppUITests" */ = {
			isa = XCConfigurationList;
			buildConfigurations = (
				ABEDCC831FCFE6A6009A0CF7 /* Debug */,
				ABEDCC841FCFE6A6009A0CF7 /* Release */,
			);
			defaultConfigurationIsVisible = 0;
			defaultConfigurationName = Release;
		};
/* End XCConfigurationList section */
	};
	rootObject = ABEDCC4C1FCFE6A5009A0CF7 /* Project object */;
}
